// !$*UTF8*$!
{
	archiveVersion = 1;
	classes = {
	};
	objectVersion = 77;
	objects = {

/* Begin PBXContainerItemProxy section */
		DBA9F04B2FC8B6E300D93F4A /* PBXContainerItemProxy */ = {
			isa = PBXContainerItemProxy;
			containerPortal = DBA9F0352FC8B6E100D93F4A /* Project object */;
			proxyType = 1;
			remoteGlobalIDString = DBA9F03C2FC8B6E100D93F4A;
			remoteInfo = "Divine Codex iOS";
		};
		DBA9F0552FC8B6E300D93F4A /* PBXContainerItemProxy */ = {
			isa = PBXContainerItemProxy;
			containerPortal = DBA9F0352FC8B6E100D93F4A /* Project object */;
			proxyType = 1;
			remoteGlobalIDString = DBA9F03C2FC8B6E100D93F4A;
			remoteInfo = "Divine Codex iOS";
		};
/* End PBXContainerItemProxy section */

/* Begin PBXFileReference section */
		DB3D88EF2FD4DA7B0045B757 /* Divine-Codex-Info.plist */ = {isa = PBXFileReference; lastKnownFileType = text.plist; path = "Divine-Codex-Info.plist"; sourceTree = "<group>"; };
		DBA9F03D2FC8B6E100D93F4A /* Divine Codex.app */ = {isa = PBXFileReference; explicitFileType = wrapper.application; includeInIndex = 0; path = "Divine Codex.app"; sourceTree = BUILT_PRODUCTS_DIR; };
		DBA9F04A2FC8B6E300D93F4A /* Divine Codex iOSTests.xctest */ = {isa = PBXFileReference; explicitFileType = wrapper.cfbundle; includeInIndex = 0; path = "Divine Codex iOSTests.xctest"; sourceTree = BUILT_PRODUCTS_DIR; };
		DBA9F0542FC8B6E300D93F4A /* Divine Codex iOSUITests.xctest */ = {isa = PBXFileReference; explicitFileType = wrapper.cfbundle; includeInIndex = 0; path = "Divine Codex iOSUITests.xctest"; sourceTree = BUILT_PRODUCTS_DIR; };
/* End PBXFileReference section */

/* Begin PBXFileSystemSynchronizedBuildFileExceptionSet section */
		DB3D88F42FD5B48D0045B757 /* Exceptions for "Divine Codex iOS" folder in "Divine Codex" target */ = {
			isa = PBXFileSystemSynchronizedBuildFileExceptionSet;
			membershipExceptions = (
				View/Home/GlassWarmupView.swift,
			);
			target = DBA9F03C2FC8B6E100D93F4A /* Divine Codex */;
		};
/* End PBXFileSystemSynchronizedBuildFileExceptionSet section */

/* Begin PBXFileSystemSynchronizedRootGroup section */
		DBA9F03F2FC8B6E100D93F4A /* Divine Codex iOS */ = {
			isa = PBXFileSystemSynchronizedRootGroup;
			exceptions = (
				DB3D88F42FD5B48D0045B757 /* Exceptions for "Divine Codex iOS" folder in "Divine Codex" target */,
			);
			path = "Divine Codex iOS";
			sourceTree = "<group>";
		};
		DBA9F04D2FC8B6E300D93F4A /* Divine Codex iOSTests */ = {
			isa = PBXFileSystemSynchronizedRootGroup;
			path = "Divine Codex iOSTests";
			sourceTree = "<group>";
		};
		DBA9F0572FC8B6E300D93F4A /* Divine Codex iOSUITests */ = {
			isa = PBXFileSystemSynchronizedRootGroup;
			path = "Divine Codex iOSUITests";
			sourceTree = "<group>";
		};
/* End PBXFileSystemSynchronizedRootGroup section */

/* Begin PBXFrameworksBuildPhase section */
		DBA9F03A2FC8B6E100D93F4A /* Frameworks */ = {
			isa = PBXFrameworksBuildPhase;
			buildActionMask = 2147483647;
			files = (
			);
			runOnlyForDeploymentPostprocessing = 0;
		};
		DBA9F0472FC8B6E300D93F4A /* Frameworks */ = {
			isa = PBXFrameworksBuildPhase;
			buildActionMask = 2147483647;
			files = (
			);
			runOnlyForDeploymentPostprocessing = 0;
		};
		DBA9F0512FC8B6E300D93F4A /* Frameworks */ = {
			isa = PBXFrameworksBuildPhase;
			buildActionMask = 2147483647;
			files = (
			);
			runOnlyForDeploymentPostprocessing = 0;
		};
/* End PBXFrameworksBuildPhase section */

/* Begin PBXGroup section */
		DBA9F0342FC8B6E100D93F4A = {
			isa = PBXGroup;
			children = (
				DB3D88EF2FD4DA7B0045B757 /* Divine-Codex-Info.plist */,
				DBA9F03F2FC8B6E100D93F4A /* Divine Codex iOS */,
				DBA9F04D2FC8B6E300D93F4A /* Divine Codex iOSTests */,
				DBA9F0572FC8B6E300D93F4A /* Divine Codex iOSUITests */,
				DBA9F03E2FC8B6E100D93F4A /* Products */,
			);
			sourceTree = "<group>";
		};
		DBA9F03E2FC8B6E100D93F4A /* Products */ = {
			isa = PBXGroup;
			children = (
				DBA9F03D2FC8B6E100D93F4A /* Divine Codex.app */,
				DBA9F04A2FC8B6E300D93F4A /* Divine Codex iOSTests.xctest */,
				DBA9F0542FC8B6E300D93F4A /* Divine Codex iOSUITests.xctest */,
			);
			name = Products;
			sourceTree = "<group>";
		};
/* End PBXGroup section */

/* Begin PBXNativeTarget section */
		DBA9F03C2FC8B6E100D93F4A /* Divine Codex */ = {
			isa = PBXNativeTarget;
			buildConfigurationList = DBA9F05E2FC8B6E300D93F4A /* Build configuration list for PBXNativeTarget "Divine Codex" */;
			buildPhases = (
				DBA9F0392FC8B6E100D93F4A /* Sources */,
				DBA9F03A2FC8B6E100D93F4A /* Frameworks */,
				DBA9F03B2FC8B6E100D93F4A /* Resources */,
			);
			buildRules = (
			);
			dependencies = (
			);
			fileSystemSynchronizedGroups = (
				DBA9F03F2FC8B6E100D93F4A /* Divine Codex iOS */,
			);
			name = "Divine Codex";
			packageProductDependencies = (
			);
			productName = "Divine Codex iOS";
			productReference = DBA9F03D2FC8B6E100D93F4A /* Divine Codex.app */;
			productType = "com.apple.product-type.application";
		};
		DBA9F0492FC8B6E300D93F4A /* Divine Codex iOSTests */ = {
			isa = PBXNativeTarget;
			buildConfigurationList = DBA9F0612FC8B6E300D93F4A /* Build configuration list for PBXNativeTarget "Divine Codex iOSTests" */;
			buildPhases = (
				DBA9F0462FC8B6E300D93F4A /* Sources */,
				DBA9F0472FC8B6E300D93F4A /* Frameworks */,
				DBA9F0482FC8B6E300D93F4A /* Resources */,
			);
			buildRules = (
			);
			dependencies = (
				DBA9F04C2FC8B6E300D93F4A /* PBXTargetDependency */,
			);
			fileSystemSynchronizedGroups = (
				DBA9F04D2FC8B6E300D93F4A /* Divine Codex iOSTests */,
			);
			name = "Divine Codex iOSTests";
			packageProductDependencies = (
			);
			productName = "Divine Codex iOSTests";
			productReference = DBA9F04A2FC8B6E300D93F4A /* Divine Codex iOSTests.xctest */;
			productType = "com.apple.product-type.bundle.unit-test";
		};
		DBA9F0532FC8B6E300D93F4A /* Divine Codex iOSUITests */ = {
			isa = PBXNativeTarget;
			buildConfigurationList = DBA9F0642FC8B6E300D93F4A /* Build configuration list for PBXNativeTarget "Divine Codex iOSUITests" */;
			buildPhases = (
				DBA9F0502FC8B6E300D93F4A /* Sources */,
				DBA9F0512FC8B6E300D93F4A /* Frameworks */,
				DBA9F0522FC8B6E300D93F4A /* Resources */,
			);
			buildRules = (
			);
			dependencies = (
				DBA9F0562FC8B6E300D93F4A /* PBXTargetDependency */,
			);
			fileSystemSynchronizedGroups = (
				DBA9F0572FC8B6E300D93F4A /* Divine Codex iOSUITests */,
			);
			name = "Divine Codex iOSUITests";
			packageProductDependencies = (
			);
			productName = "Divine Codex iOSUITests";
			productReference = DBA9F0542FC8B6E300D93F4A /* Divine Codex iOSUITests.xctest */;
			productType = "com.apple.product-type.bundle.ui-testing";
		};
/* End PBXNativeTarget section */

/* Begin PBXProject section */
		DBA9F0352FC8B6E100D93F4A /* Project object */ = {
			isa = PBXProject;
			attributes = {
				BuildIndependentTargetsInParallel = 1;
				LastSwiftUpdateCheck = 2650;
				LastUpgradeCheck = 2650;
				TargetAttributes = {
					DBA9F03C2FC8B6E100D93F4A = {
						CreatedOnToolsVersion = 26.5;
					};
					DBA9F0492FC8B6E300D93F4A = {
						CreatedOnToolsVersion = 26.5;
						TestTargetID = DBA9F03C2FC8B6E100D93F4A;
					};
					DBA9F0532FC8B6E300D93F4A = {
						CreatedOnToolsVersion = 26.5;
						TestTargetID = DBA9F03C2FC8B6E100D93F4A;
					};
				};
			};
			buildConfigurationList = DBA9F0382FC8B6E100D93F4A /* Build configuration list for PBXProject "Divine Codex iOS" */;
			developmentRegion = en;
			hasScannedForEncodings = 0;
			knownRegions = (
				en,
				Base,
			);
			mainGroup = DBA9F0342FC8B6E100D93F4A;
			minimizedProjectReferenceProxies = 1;
			preferredProjectObjectVersion = 77;
			productRefGroup = DBA9F03E2FC8B6E100D93F4A /* Products */;
			projectDirPath = "";
			projectRoot = "";
			targets = (
				DBA9F03C2FC8B6E100D93F4A /* Divine Codex */,
				DBA9F0492FC8B6E300D93F4A /* Divine Codex iOSTests */,
				DBA9F0532FC8B6E300D93F4A /* Divine Codex iOSUITests */,
			);
		};
/* End PBXProject section */

/* Begin PBXResourcesBuildPhase section */
		DBA9F03B2FC8B6E100D93F4A /* Resources */ = {
			isa = PBXResourcesBuildPhase;
			buildActionMask = 2147483647;
			files = (
			);
			runOnlyForDeploymentPostprocessing = 0;
		};
		DBA9F0482FC8B6E300D93F4A /* Resources */ = {
			isa = PBXResourcesBuildPhase;
			buildActionMask = 2147483647;
			files = (
			);
			runOnlyForDeploymentPostprocessing = 0;
		};
		DBA9F0522FC8B6E300D93F4A /* Resources */ = {
			isa = PBXResourcesBuildPhase;
			buildActionMask = 2147483647;
			files = (
			);
			runOnlyForDeploymentPostprocessing = 0;
		};
/* End PBXResourcesBuildPhase section */

/* Begin PBXSourcesBuildPhase section */
		DBA9F0392FC8B6E100D93F4A /* Sources */ = {
			isa = PBXSourcesBuildPhase;
			buildActionMask = 2147483647;
			files = (
			);
			runOnlyForDeploymentPostprocessing = 0;
		};
		DBA9F0462FC8B6E300D93F4A /* Sources */ = {
			isa = PBXSourcesBuildPhase;
			buildActionMask = 2147483647;
			files = (
			);
			runOnlyForDeploymentPostprocessing = 0;
		};
		DBA9F0502FC8B6E300D93F4A /* Sources */ = {
			isa = PBXSourcesBuildPhase;
			buildActionMask = 2147483647;
			files = (
			);
			runOnlyForDeploymentPostprocessing = 0;
		};
/* End PBXSourcesBuildPhase section */

/* Begin PBXTargetDependency section */
		DBA9F04C2FC8B6E300D93F4A /* PBXTargetDependency */ = {
			isa = PBXTargetDependency;
			target = DBA9F03C2FC8B6E100D93F4A /* Divine Codex */;
			targetProxy = DBA9F04B2FC8B6E300D93F4A /* PBXContainerItemProxy */;
		};
		DBA9F0562FC8B6E300D93F4A /* PBXTargetDependency */ = {
			isa = PBXTargetDependency;
			target = DBA9F03C2FC8B6E100D93F4A /* Divine Codex */;
			targetProxy = DBA9F0552FC8B6E300D93F4A /* PBXContainerItemProxy */;
		};
/* End PBXTargetDependency section */

/* Begin XCBuildConfiguration section */
		DBA9F05C2FC8B6E300D93F4A /* Debug */ = {
			isa = XCBuildConfiguration;
			buildSettings = {
				ALWAYS_SEARCH_USER_PATHS = NO;
				ASSETCATALOG_COMPILER_GENERATE_SWIFT_ASSET_SYMBOL_EXTENSIONS = YES;
				CLANG_ANALYZER_NONNULL = YES;
				CLANG_ANALYZER_NUMBER_OBJECT_CONVERSION = YES_AGGRESSIVE;
				CLANG_CXX_LANGUAGE_STANDARD = "gnu++20";
				CLANG_ENABLE_MODULES = YES;
				CLANG_ENABLE_OBJC_ARC = YES;
				CLANG_ENABLE_OBJC_WEAK = YES;
				CLANG_WARN_BLOCK_CAPTURE_AUTORELEASING = YES;
				CLANG_WARN_BOOL_CONVERSION = YES;
				CLANG_WARN_COMMA = YES;
				CLANG_WARN_CONSTANT_CONVERSION = YES;
				CLANG_WARN_DEPRECATED_OBJC_IMPLEMENTATIONS = YES;
				CLANG_WARN_DIRECT_OBJC_ISA_USAGE = YES_ERROR;
				CLANG_WARN_DOCUMENTATION_COMMENTS = YES;
				CLANG_WARN_EMPTY_BODY = YES;
				CLANG_WARN_ENUM_CONVERSION = YES;
				CLANG_WARN_INFINITE_RECURSION = YES;
				CLANG_WARN_INT_CONVERSION = YES;
				CLANG_WARN_NON_LITERAL_NULL_CONVERSION = YES;
				CLANG_WARN_OBJC_IMPLICIT_RETAIN_SELF = YES;
				CLANG_WARN_OBJC_LITERAL_CONVERSION = YES;
				CLANG_WARN_OBJC_ROOT_CLASS = YES_ERROR;
				CLANG_WARN_QUOTED_INCLUDE_IN_FRAMEWORK_HEADER = YES;
				CLANG_WARN_RANGE_LOOP_ANALYSIS = YES;
				CLANG_WARN_STRICT_PROTOTYPES = YES;
				CLANG_WARN_SUSPICIOUS_MOVE = YES;
				CLANG_WARN_UNGUARDED_AVAILABILITY = YES_AGGRESSIVE;
				CLANG_WARN_UNREACHABLE_CODE = YES;
				CLANG_WARN__DUPLICATE_METHOD_MATCH = YES;
				COPY_PHASE_STRIP = NO;
				DEBUG_INFORMATION_FORMAT = dwarf;
				DEVELOPMENT_TEAM = 6W7BQ2NFPV;
				ENABLE_STRICT_OBJC_MSGSEND = YES;
				ENABLE_TESTABILITY = YES;
				ENABLE_USER_SCRIPT_SANDBOXING = YES;
				GCC_C_LANGUAGE_STANDARD = gnu17;
				GCC_DYNAMIC_NO_PIC = NO;
				GCC_NO_COMMON_BLOCKS = YES;
				GCC_OPTIMIZATION_LEVEL = 0;
				GCC_PREPROCESSOR_DEFINITIONS = (
					"DEBUG=1",
					"$(inherited)",
				);
				GCC_WARN_64_TO_32_BIT_CONVERSION = YES;
				GCC_WARN_ABOUT_RETURN_TYPE = YES_ERROR;
				GCC_WARN_UNDECLARED_SELECTOR = YES;
				GCC_WARN_UNINITIALIZED_AUTOS = YES_AGGRESSIVE;
				GCC_WARN_UNUSED_FUNCTION = YES;
				GCC_WARN_UNUSED_VARIABLE = YES;
				IPHONEOS_DEPLOYMENT_TARGET = 26.5;
				LOCALIZATION_PREFERS_STRING_CATALOGS = YES;
				MTL_ENABLE_DEBUG_INFO = INCLUDE_SOURCE;
				MTL_FAST_MATH = YES;
				ONLY_ACTIVE_ARCH = YES;
				SDKROOT = iphoneos;
				SWIFT_ACTIVE_COMPILATION_CONDITIONS = "DEBUG $(inherited)";
				SWIFT_OPTIMIZATION_LEVEL = "-Onone";
			};
			name = Debug;
		};
		DBA9F05D2FC8B6E300D93F4A /* Release */ = {
			isa = XCBuildConfiguration;
			buildSettings = {
				ALWAYS_SEARCH_USER_PATHS = NO;
				ASSETCATALOG_COMPILER_GENERATE_SWIFT_ASSET_SYMBOL_EXTENSIONS = YES;
				CLANG_ANALYZER_NONNULL = YES;
				CLANG_ANALYZER_NUMBER_OBJECT_CONVERSION = YES_AGGRESSIVE;
				CLANG_CXX_LANGUAGE_STANDARD = "gnu++20";
				CLANG_ENABLE_MODULES = YES;
				CLANG_ENABLE_OBJC_ARC = YES;
				CLANG_ENABLE_OBJC_WEAK = YES;
				CLANG_WARN_BLOCK_CAPTURE_AUTORELEASING = YES;
				CLANG_WARN_BOOL_CONVERSION = YES;
				CLANG_WARN_COMMA = YES;
				CLANG_WARN_CONSTANT_CONVERSION = YES;
				CLANG_WARN_DEPRECATED_OBJC_IMPLEMENTATIONS = YES;
				CLANG_WARN_DIRECT_OBJC_ISA_USAGE = YES_ERROR;
				CLANG_WARN_DOCUMENTATION_COMMENTS = YES;
				CLANG_WARN_EMPTY_BODY = YES;
				CLANG_WARN_ENUM_CONVERSION = YES;
				CLANG_WARN_INFINITE_RECURSION = YES;
				CLANG_WARN_INT_CONVERSION = YES;
				CLANG_WARN_NON_LITERAL_NULL_CONVERSION = YES;
				CLANG_WARN_OBJC_IMPLICIT_RETAIN_SELF = YES;
				CLANG_WARN_OBJC_LITERAL_CONVERSION = YES;
				CLANG_WARN_OBJC_ROOT_CLASS = YES_ERROR;
				CLANG_WARN_QUOTED_INCLUDE_IN_FRAMEWORK_HEADER = YES;
				CLANG_WARN_RANGE_LOOP_ANALYSIS = YES;
				CLANG_WARN_STRICT_PROTOTYPES = YES;
				CLANG_WARN_SUSPICIOUS_MOVE = YES;
				CLANG_WARN_UNGUARDED_AVAILABILITY = YES_AGGRESSIVE;
				CLANG_WARN_UNREACHABLE_CODE = YES;
				CLANG_WARN__DUPLICATE_METHOD_MATCH = YES;
				COPY_PHASE_STRIP = NO;
				DEBUG_INFORMATION_FORMAT = "dwarf-with-dsym";
				DEVELOPMENT_TEAM = 6W7BQ2NFPV;
				ENABLE_NS_ASSERTIONS = NO;
				ENABLE_STRICT_OBJC_MSGSEND = YES;
				ENABLE_USER_SCRIPT_SANDBOXING = YES;
				GCC_C_LANGUAGE_STANDARD = gnu17;
				GCC_NO_COMMON_BLOCKS = YES;
				GCC_WARN_64_TO_32_BIT_CONVERSION = YES;
				GCC_WARN_ABOUT_RETURN_TYPE = YES_ERROR;
				GCC_WARN_UNDECLARED_SELECTOR = YES;
				GCC_WARN_UNINITIALIZED_AUTOS = YES_AGGRESSIVE;
				GCC_WARN_UNUSED_FUNCTION = YES;
				GCC_WARN_UNUSED_VARIABLE = YES;
				IPHONEOS_DEPLOYMENT_TARGET = 26.5;
				LOCALIZATION_PREFERS_STRING_CATALOGS = YES;
				MTL_ENABLE_DEBUG_INFO = NO;
				MTL_FAST_MATH = YES;
				SDKROOT = iphoneos;
				SWIFT_COMPILATION_MODE = wholemodule;
				VALIDATE_PRODUCT = YES;
			};
			name = Release;
		};
		DBA9F05F2FC8B6E300D93F4A /* Debug */ = {
			isa = XCBuildConfiguration;
			buildSettings = {
				ASSETCATALOG_COMPILER_APPICON_NAME = AppIcon;
				ASSETCATALOG_COMPILER_GLOBAL_ACCENT_COLOR_NAME = AccentColor;
				CODE_SIGN_STYLE = Automatic;
				CURRENT_PROJECT_VERSION = 1;
				DEVELOPMENT_TEAM = 6W7BQ2NFPV;
				ENABLE_PREVIEWS = YES;
				GENERATE_INFOPLIST_FILE = YES;
				INFOPLIST_FILE = "Divine-Codex-Info.plist";
				INFOPLIST_KEY_LSApplicationCategoryType = "public.app-category.lifestyle";
				INFOPLIST_KEY_UIApplicationSceneManifest_Generation = YES;
				INFOPLIST_KEY_UIApplicationSupportsIndirectInputEvents = YES;
				INFOPLIST_KEY_UILaunchScreen_Generation = YES;
				INFOPLIST_KEY_UISupportedInterfaceOrientations_iPad = "UIInterfaceOrientationPortrait UIInterfaceOrientationPortraitUpsideDown UIInterfaceOrientationLandscapeLeft UIInterfaceOrientationLandscapeRight";
				INFOPLIST_KEY_UISupportedInterfaceOrientations_iPhone = "UIInterfaceOrientationPortrait UIInterfaceOrientationLandscapeLeft UIInterfaceOrientationLandscapeRight";
				LD_RUNPATH_SEARCH_PATHS = (
					"$(inherited)",
					"@executable_path/Frameworks",
				);
				MARKETING_VERSION = 1.0;
				PRODUCT_BUNDLE_IDENTIFIER = "app.Divine-Codex-iOS";
				PRODUCT_NAME = "$(TARGET_NAME)";
				STRING_CATALOG_GENERATE_SYMBOLS = YES;
				SWIFT_APPROACHABLE_CONCURRENCY = YES;
				SWIFT_DEFAULT_ACTOR_ISOLATION = MainActor;
				SWIFT_EMIT_LOC_STRINGS = YES;
				SWIFT_UPCOMING_FEATURE_MEMBER_IMPORT_VISIBILITY = YES;
				SWIFT_VERSION = 5.0;
				TARGETED_DEVICE_FAMILY = "1,2";
			};
			name = Debug;
		};
		DBA9F0602FC8B6E300D93F4A /* Release */ = {
			isa = XCBuildConfiguration;
			buildSettings = {
				ASSETCATALOG_COMPILER_APPICON_NAME = AppIcon;
				ASSETCATALOG_COMPILER_GLOBAL_ACCENT_COLOR_NAME = AccentColor;
				CODE_SIGN_STYLE = Automatic;
				CURRENT_PROJECT_VERSION = 1;
				DEVELOPMENT_TEAM = 6W7BQ2NFPV;
				ENABLE_PREVIEWS = YES;
				GENERATE_INFOPLIST_FILE = YES;
				INFOPLIST_FILE = "Divine-Codex-Info.plist";
				INFOPLIST_KEY_LSApplicationCategoryType = "public.app-category.lifestyle";
				INFOPLIST_KEY_UIApplicationSceneManifest_Generation = YES;
				INFOPLIST_KEY_UIApplicationSupportsIndirectInputEvents = YES;
				INFOPLIST_KEY_UILaunchScreen_Generation = YES;
				INFOPLIST_KEY_UISupportedInterfaceOrientations_iPad = "UIInterfaceOrientationPortrait UIInterfaceOrientationPortraitUpsideDown UIInterfaceOrientationLandscapeLeft UIInterfaceOrientationLandscapeRight";
				INFOPLIST_KEY_UISupportedInterfaceOrientations_iPhone = "UIInterfaceOrientationPortrait UIInterfaceOrientationLandscapeLeft UIInterfaceOrientationLandscapeRight";
				LD_RUNPATH_SEARCH_PATHS = (
					"$(inherited)",
					"@executable_path/Frameworks",
				);
				MARKETING_VERSION = 1.0;
				PRODUCT_BUNDLE_IDENTIFIER = "app.Divine-Codex-iOS";
				PRODUCT_NAME = "$(TARGET_NAME)";
				STRING_CATALOG_GENERATE_SYMBOLS = YES;
				SWIFT_APPROACHABLE_CONCURRENCY = YES;
				SWIFT_DEFAULT_ACTOR_ISOLATION = MainActor;
				SWIFT_EMIT_LOC_STRINGS = YES;
				SWIFT_UPCOMING_FEATURE_MEMBER_IMPORT_VISIBILITY = YES;
				SWIFT_VERSION = 5.0;
				TARGETED_DEVICE_FAMILY = "1,2";
			};
			name = Release;
		};
		DBA9F0622FC8B6E300D93F4A /* Debug */ = {
			isa = XCBuildConfiguration;
			buildSettings = {
				BUNDLE_LOADER = "$(TEST_HOST)";
				CODE_SIGN_STYLE = Automatic;
				CURRENT_PROJECT_VERSION = 1;
				DEVELOPMENT_TEAM = 6W7BQ2NFPV;
				GENERATE_INFOPLIST_FILE = YES;
				IPHONEOS_DEPLOYMENT_TARGET = 26.5;
				MARKETING_VERSION = 1.0;
				PRODUCT_BUNDLE_IDENTIFIER = "app.Divine-Codex-iOSTests";
				PRODUCT_NAME = "$(TARGET_NAME)";
				STRING_CATALOG_GENERATE_SYMBOLS = NO;
				SWIFT_APPROACHABLE_CONCURRENCY = YES;
				SWIFT_EMIT_LOC_STRINGS = NO;
				SWIFT_UPCOMING_FEATURE_MEMBER_IMPORT_VISIBILITY = YES;
				SWIFT_VERSION = 5.0;
				TARGETED_DEVICE_FAMILY = "1,2";
				TEST_HOST = "$(BUILT_PRODUCTS_DIR)/Divine Codex iOS.app/$(BUNDLE_EXECUTABLE_FOLDER_PATH)/Divine Codex iOS";
			};
			name = Debug;
		};
		DBA9F0632FC8B6E300D93F4A /* Release */ = {
			isa = XCBuildConfiguration;
			buildSettings = {
				BUNDLE_LOADER = "$(TEST_HOST)";
				CODE_SIGN_STYLE = Automatic;
				CURRENT_PROJECT_VERSION = 1;
				DEVELOPMENT_TEAM = 6W7BQ2NFPV;
				GENERATE_INFOPLIST_FILE = YES;
				IPHONEOS_DEPLOYMENT_TARGET = 26.5;
				MARKETING_VERSION = 1.0;
				PRODUCT_BUNDLE_IDENTIFIER = "app.Divine-Codex-iOSTests";
				PRODUCT_NAME = "$(TARGET_NAME)";
				STRING_CATALOG_GENERATE_SYMBOLS = NO;
				SWIFT_APPROACHABLE_CONCURRENCY = YES;
				SWIFT_EMIT_LOC_STRINGS = NO;
				SWIFT_UPCOMING_FEATURE_MEMBER_IMPORT_VISIBILITY = YES;
				SWIFT_VERSION = 5.0;
				TARGETED_DEVICE_FAMILY = "1,2";
				TEST_HOST = "$(BUILT_PRODUCTS_DIR)/Divine Codex iOS.app/$(BUNDLE_EXECUTABLE_FOLDER_PATH)/Divine Codex iOS";
			};
			name = Release;
		};
		DBA9F0652FC8B6E300D93F4A /* Debug */ = {
			isa = XCBuildConfiguration;
			buildSettings = {
				CODE_SIGN_STYLE = Automatic;
				CURRENT_PROJECT_VERSION = 1;
				DEVELOPMENT_TEAM = 6W7BQ2NFPV;
				GENERATE_INFOPLIST_FILE = YES;
				MARKETING_VERSION = 1.0;
				PRODUCT_BUNDLE_IDENTIFIER = "app.Divine-Codex-iOSUITests";
				PRODUCT_NAME = "$(TARGET_NAME)";
				STRING_CATALOG_GENERATE_SYMBOLS = NO;
				SWIFT_APPROACHABLE_CONCURRENCY = YES;
				SWIFT_EMIT_LOC_STRINGS = NO;
				SWIFT_UPCOMING_FEATURE_MEMBER_IMPORT_VISIBILITY = YES;
				SWIFT_VERSION = 5.0;
				TARGETED_DEVICE_FAMILY = "1,2";
				TEST_TARGET_NAME = "Divine Codex iOS";
			};
			name = Debug;
		};
		DBA9F0662FC8B6E300D93F4A /* Release */ = {
			isa = XCBuildConfiguration;
			buildSettings = {
				CODE_SIGN_STYLE = Automatic;
				CURRENT_PROJECT_VERSION = 1;
				DEVELOPMENT_TEAM = 6W7BQ2NFPV;
				GENERATE_INFOPLIST_FILE = YES;
				MARKETING_VERSION = 1.0;
				PRODUCT_BUNDLE_IDENTIFIER = "app.Divine-Codex-iOSUITests";
				PRODUCT_NAME = "$(TARGET_NAME)";
				STRING_CATALOG_GENERATE_SYMBOLS = NO;
				SWIFT_APPROACHABLE_CONCURRENCY = YES;
				SWIFT_EMIT_LOC_STRINGS = NO;
				SWIFT_UPCOMING_FEATURE_MEMBER_IMPORT_VISIBILITY = YES;
				SWIFT_VERSION = 5.0;
				TARGETED_DEVICE_FAMILY = "1,2";
				TEST_TARGET_NAME = "Divine Codex iOS";
			};
			name = Release;
		};
/* End XCBuildConfiguration section */

/* Begin XCConfigurationList section */
		DBA9F0382FC8B6E100D93F4A /* Build configuration list for PBXProject "Divine Codex iOS" */ = {
			isa = XCConfigurationList;
			buildConfigurations = (
				DBA9F05C2FC8B6E300D93F4A /* Debug */,
				DBA9F05D2FC8B6E300D93F4A /* Release */,
			);
			defaultConfigurationIsVisible = 0;
			defaultConfigurationName = Release;
		};
		DBA9F05E2FC8B6E300D93F4A /* Build configuration list for PBXNativeTarget "Divine Codex" */ = {
			isa = XCConfigurationList;
			buildConfigurations = (
				DBA9F05F2FC8B6E300D93F4A /* Debug */,
				DBA9F0602FC8B6E300D93F4A /* Release */,
			);
			defaultConfigurationIsVisible = 0;
			defaultConfigurationName = Release;
		};
		DBA9F0612FC8B6E300D93F4A /* Build configuration list for PBXNativeTarget "Divine Codex iOSTests" */ = {
			isa = XCConfigurationList;
			buildConfigurations = (
				DBA9F0622FC8B6E300D93F4A /* Debug */,
				DBA9F0632FC8B6E300D93F4A /* Release */,
			);
			defaultConfigurationIsVisible = 0;
			defaultConfigurationName = Release;
		};
		DBA9F0642FC8B6E300D93F4A /* Build configuration list for PBXNativeTarget "Divine Codex iOSUITests" */ = {
			isa = XCConfigurationList;
			buildConfigurations = (
				DBA9F0652FC8B6E300D93F4A /* Debug */,
				DBA9F0662FC8B6E300D93F4A /* Release */,
			);
			defaultConfigurationIsVisible = 0;
			defaultConfigurationName = Release;
		};
/* End XCConfigurationList section */
	};
	rootObject = DBA9F0352FC8B6E100D93F4A /* Project object */;
}
